
Microsoft Visual Studio Solution File, Format Version 12.00
# Visual Studio Version 17
VisualStudioVersion = 17.10.35122.118
MinimumVisualStudioVersion = 10.0.40219.1
Project("{FAE04EC0-301F-11D3-BF4B-00C04F79EFBC}") = "HelloWorld", "HelloWorld\HelloWorld.csproj", "{0A8920A4-15EC-4B40-8F0B-4A6774B0384B}"
EndProject
Global
	GlobalSection(SolutionConfigurationPlatforms) = preSolution
		Debug|Any CPU = Debug|Any CPU
		Release|Any CPU = Release|Any CPU
	EndGlobalSection
	GlobalSection(ProjectConfigurationPlatforms) = postSolution
		{0A8920A4-15EC-4B40-8F0B-4A6774B0384B}.Debug|Any CPU.ActiveCfg = Debug|Any CPU
		{0A8920A4-15EC-4B40-8F0B-4A6774B0384B}.Debug|Any CPU.Build.0 = Debug|Any CPU
		{0A8920A4-15EC-4B40-8F0B-4A6774B0384B}.Release|Any CPU.ActiveCfg = Release|Any CPU
		{0A8920A4-15EC-4B40-8F0B-4A6774B0384B}.Release|Any CPU.Build.0 = Release|Any CPU
	EndGlobalSection
	GlobalSection(SolutionProperties) = preSolution
		HideSolutionNode = FALSE
	EndGlobalSection
	GlobalSection(ExtensibilityGlobals) = postSolution
		SolutionGuid = {A9EED0B1-FB44-4D79-8C49-8C8F61C171C5}
	EndGlobalSection
EndGlobal
